// !$*UTF8*$!
{
	archiveVersion = 1;
	classes = {
	};
	objectVersion = 50;
	objects = {

/* Begin PBXBuildFile section */
		6038932422318DB7005DCFE2 /* AnimalsCollectionViewController.swift in Sources */ = {isa = PBXBuildFile; fileRef = 6038932222318DB7005DCFE2 /* AnimalsCollectionViewController.swift */; };
		6038932722319021005DCFE2 /* AnimalsCollection.plist in Resources */ = {isa = PBXBuildFile; fileRef = 6038932622319021005DCFE2 /* AnimalsCollection.plist */; };
		6038932922319BD6005DCFE2 /* photoCell.swift in Sources */ = {isa = PBXBuildFile; fileRef = 6038932822319BD6005DCFE2 /* photoCell.swift */; };
		6085F82B222EEE0900CFA425 /* AppDelegate.swift in Sources */ = {isa = PBXBuildFile; fileRef = 6085F82A222EEE0900CFA425 /* AppDelegate.swift */; };
		6085F82D222EEE0900CFA425 /* ViewController.swift in Sources */ = {isa = PBXBuildFile; fileRef = 6085F82C222EEE0900CFA425 /* ViewController.swift */; };
		6085F830222EEE0900CFA425 /* Main.storyboard in Resources */ = {isa = PBXBuildFile; fileRef = 6085F82E222EEE0900CFA425 /* Main.storyboard */; };
		6085F832222EEE0A00CFA425 /* Assets.xcassets in Resources */ = {isa = PBXBuildFile; fileRef = 6085F831222EEE0A00CFA425 /* Assets.xcassets */; };
		6085F835222EEE0A00CFA425 /* LaunchScreen.storyboard in Resources */ = {isa = PBXBuildFile; fileRef = 6085F833222EEE0A00CFA425 /* LaunchScreen.storyboard */; };
		96F31C4D222F0367005B15D9 /* AnimalsTableViewController.swift in Sources */ = {isa = PBXBuildFile; fileRef = 96F31C4C222F0367005B15D9 /* AnimalsTableViewController.swift */; };
		96F31C4F222F0831005B15D9 /* AnimalsTable.plist in Resources */ = {isa = PBXBuildFile; fileRef = 96F31C4E222F0831005B15D9 /* AnimalsTable.plist */; };
/* End PBXBuildFile section */

/* Begin PBXFileReference section */
		6038932222318DB7005DCFE2 /* AnimalsCollectionViewController.swift */ = {isa = PBXFileReference; lastKnownFileType = sourcecode.swift; path = AnimalsCollectionViewController.swift; sourceTree = "<group>"; };
		6038932622319021005DCFE2 /* AnimalsCollection.plist */ = {isa = PBXFileReference; lastKnownFileType = text.plist.xml; path = AnimalsCollection.plist; sourceTree = "<group>"; };
		6038932822319BD6005DCFE2 /* photoCell.swift */ = {isa = PBXFileReference; lastKnownFileType = sourcecode.swift; path = photoCell.swift; sourceTree = "<group>"; };
		6085F827222EEE0900CFA425 /* Assignment5b.app */ = {isa = PBXFileReference; explicitFileType = wrapper.application; includeInIndex = 0; path = Assignment5b.app; sourceTree = BUILT_PRODUCTS_DIR; };
		6085F82A222EEE0900CFA425 /* AppDelegate.swift */ = {isa = PBXFileReference; lastKnownFileType = sourcecode.swift; path = AppDelegate.swift; sourceTree = "<group>"; };
		6085F82C222EEE0900CFA425 /* ViewController.swift */ = {isa = PBXFileReference; lastKnownFileType = sourcecode.swift; path = ViewController.swift; sourceTree = "<group>"; };
		6085F82F222EEE0900CFA425 /* Base */ = {isa = PBXFileReference; lastKnownFileType = file.storyboard; name = Base; path = Base.lproj/Main.storyboard; sourceTree = "<group>"; };
		6085F831222EEE0A00CFA425 /* Assets.xcassets */ = {isa = PBXFileReference; lastKnownFileType = folder.assetcatalog; path = Assets.xcassets; sourceTree = "<group>"; };
		6085F834222EEE0A00CFA425 /* Base */ = {isa = PBXFileReference; lastKnownFileType = file.storyboard; name = Base; path = Base.lproj/LaunchScreen.storyboard; sourceTree = "<group>"; };
		6085F836222EEE0A00CFA425 /* Info.plist */ = {isa = PBXFileReference; lastKnownFileType = text.plist.xml; path = Info.plist; sourceTree = "<group>"; };
		96F31C4C222F0367005B15D9 /* AnimalsTableViewController.swift */ = {isa = PBXFileReference; lastKnownFileType = sourcecode.swift; path = AnimalsTableViewController.swift; sourceTree = "<group>"; };
		96F31C4E222F0831005B15D9 /* AnimalsTable.plist */ = {isa = PBXFileReference; lastKnownFileType = text.plist.xml; path = AnimalsTable.plist; sourceTree = "<group>"; };
/* End PBXFileReference section */

/* Begin PBXFrameworksBuildPhase section */
		6085F824222EEE0900CFA425 /* Frameworks */ = {
			isa = PBXFrameworksBuildPhase;
			buildActionMask = 2147483647;
			files = (
			);
			runOnlyForDeploymentPostprocessing = 0;
		};
/* End PBXFrameworksBuildPhase section */

/* Begin PBXGroup section */
		6085F81E222EEE0900CFA425 = {
			isa = PBXGroup;
			children = (
				6085F829222EEE0900CFA425 /* Assignment5b */,
				6085F828222EEE0900CFA425 /* Products */,
			);
			sourceTree = "<group>";
		};
		6085F828222EEE0900CFA425 /* Products */ = {
			isa = PBXGroup;
			children = (
				6085F827222EEE0900CFA425 /* Assignment5b.app */,
			);
			name = Products;
			sourceTree = "<group>";
		};
		6085F829222EEE0900CFA425 /* Assignment5b */ = {
			isa = PBXGroup;
			children = (
				6085F82A222EEE0900CFA425 /* AppDelegate.swift */,
				6085F82C222EEE0900CFA425 /* ViewController.swift */,
				6085F82E222EEE0900CFA425 /* Main.storyboard */,
				6085F831222EEE0A00CFA425 /* Assets.xcassets */,
				6085F833222EEE0A00CFA425 /* LaunchScreen.storyboard */,
				6085F836222EEE0A00CFA425 /* Info.plist */,
				96F31C4C222F0367005B15D9 /* AnimalsTableViewController.swift */,
				96F31C4E222F0831005B15D9 /* AnimalsTable.plist */,
				6038932622319021005DCFE2 /* AnimalsCollection.plist */,
				6038932222318DB7005DCFE2 /* AnimalsCollectionViewController.swift */,
				6038932822319BD6005DCFE2 /* photoCell.swift */,
			);
			path = Assignment5b;
			sourceTree = "<group>";
		};
/* End PBXGroup section */

/* Begin PBXNativeTarget section */
		6085F826222EEE0900CFA425 /* Assignment5b */ = {
			isa = PBXNativeTarget;
			buildConfigurationList = 6085F839222EEE0A00CFA425 /* Build configuration list for PBXNativeTarget "Assignment5b" */;
			buildPhases = (
				6085F823222EEE0900CFA425 /* Sources */,
				6085F824222EEE0900CFA425 /* Frameworks */,
				6085F825222EEE0900CFA425 /* Resources */,
			);
			buildRules = (
			);
			dependencies = (
			);
			name = Assignment5b;
			productName = Assignment5b;
			productReference = 6085F827222EEE0900CFA425 /* Assignment5b.app */;
			productType = "com.apple.product-type.application";
		};
/* End PBXNativeTarget section */

/* Begin PBXProject section */
		6085F81F222EEE0900CFA425 /* Project object */ = {
			isa = PBXProject;
			attributes = {
				LastSwiftUpdateCheck = 0940;
				LastUpgradeCheck = 0940;
				ORGANIZATIONNAME = "Pacleb, Alyssa June N";
				TargetAttributes = {
					6085F826222EEE0900CFA425 = {
						CreatedOnToolsVersion = 9.4;
						LastSwiftMigration = 0940;
					};
				};
			};
			buildConfigurationList = 6085F822222EEE0900CFA425 /* Build configuration list for PBXProject "Assignment5b" */;
			compatibilityVersion = "Xcode 9.3";
			developmentRegion = en;
			hasScannedForEncodings = 0;
			knownRegions = (
				en,
				Base,
			);
			mainGroup = 6085F81E222EEE0900CFA425;
			productRefGroup = 6085F828222EEE0900CFA425 /* Products */;
			projectDirPath = "";
			projectRoot = "";
			targets = (
				6085F826222EEE0900CFA425 /* Assignment5b */,
			);
		};
/* End PBXProject section */

/* Begin PBXResourcesBuildPhase section */
		6085F825222EEE0900CFA425 /* Resources */ = {
			isa = PBXResourcesBuildPhase;
			buildActionMask = 2147483647;
			files = (
				6038932722319021005DCFE2 /* AnimalsCollection.plist in Resources */,
				6085F835222EEE0A00CFA425 /* LaunchScreen.storyboard in Resources */,
				96F31C4F222F0831005B15D9 /* AnimalsTable.plist in Resources */,
				6085F832222EEE0A00CFA425 /* Assets.xcassets in Resources */,
				6085F830222EEE0900CFA425 /* Main.storyboard in Resources */,
			);
			runOnlyForDeploymentPostprocessing = 0;
		};
/* End PBXResourcesBuildPhase section */

/* Begin PBXSourcesBuildPhase section */
		6085F823222EEE0900CFA425 /* Sources */ = {
			isa = PBXSourcesBuildPhase;
			buildActionMask = 2147483647;
			files = (
				6038932922319BD6005DCFE2 /* photoCell.swift in Sources */,
				6038932422318DB7005DCFE2 /* AnimalsCollectionViewController.swift in Sources */,
				6085F82D222EEE0900CFA425 /* ViewController.swift in Sources */,
				96F31C4D222F0367005B15D9 /* AnimalsTableViewController.swift in Sources */,
				6085F82B222EEE0900CFA425 /* AppDelegate.swift in Sources */,
			);
			runOnlyForDeploymentPostprocessing = 0;
		};
/* End PBXSourcesBuildPhase section */

/* Begin PBXVariantGroup section */
		6085F82E222EEE0900CFA425 /* Main.storyboard */ = {
			isa = PBXVariantGroup;
			children = (
				6085F82F222EEE0900CFA425 /* Base */,
			);
			name = Main.storyboard;
			sourceTree = "<group>";
		};
		6085F833222EEE0A00CFA425 /* LaunchScreen.storyboard */ = {
			isa = PBXVariantGroup;
			children = (
				6085F834222EEE0A00CFA425 /* Base */,
			);
			name = LaunchScreen.storyboard;
			sourceTree = "<group>";
		};
/* End PBXVariantGroup section */

/* Begin XCBuildConfiguration section */
		6085F837222EEE0A00CFA425 /* Debug */ = {
			isa = XCBuildConfiguration;
			buildSettings = {
				ALWAYS_SEARCH_USER_PATHS = NO;
				CLANG_ANALYZER_NONNULL = YES;
				CLANG_ANALYZER_NUMBER_OBJECT_CONVERSION = YES_AGGRESSIVE;
				CLANG_CXX_LANGUAGE_STANDARD = "gnu++14";
				CLANG_CXX_LIBRARY = "libc++";
				CLANG_ENABLE_MODULES = YES;
				CLANG_ENABLE_OBJC_ARC = YES;
				CLANG_ENABLE_OBJC_WEAK = YES;
				CLANG_WARN_BLOCK_CAPTURE_AUTORELEASING = YES;
				CLANG_WARN_BOOL_CONVERSION = YES;
				CLANG_WARN_COMMA = YES;
				CLANG_WARN_CONSTANT_CONVERSION = YES;
				CLANG_WARN_DEPRECATED_OBJC_IMPLEMENTATIONS = YES;
				CLANG_WARN_DIRECT_OBJC_ISA_USAGE = YES_ERROR;
				CLANG_WARN_DOCUMENTATION_COMMENTS = YES;
				CLANG_WARN_EMPTY_BODY = YES;
				CLANG_WARN_ENUM_CONVERSION = YES;
				CLANG_WARN_INFINITE_RECURSION = YES;
				CLANG_WARN_INT_CONVERSION = YES;
				CLANG_WARN_NON_LITERAL_NULL_CONVERSION = YES;
				CLANG_WARN_OBJC_IMPLICIT_RETAIN_SELF = YES;
				CLANG_WARN_OBJC_LITERAL_CONVERSION = YES;
				CLANG_WARN_OBJC_ROOT_CLASS = YES_ERROR;
				CLANG_WARN_RANGE_LOOP_ANALYSIS = YES;
				CLANG_WARN_STRICT_PROTOTYPES = YES;
				CLANG_WARN_SUSPICIOUS_MOVE = YES;
				CLANG_WARN_UNGUARDED_AVAILABILITY = YES_AGGRESSIVE;
				CLANG_WARN_UNREACHABLE_CODE = YES;
				CLANG_WARN__DUPLICATE_METHOD_MATCH = YES;
				CODE_SIGN_IDENTITY = "iPhone Developer";
				COPY_PHASE_STRIP = NO;
				DEBUG_INFORMATION_FORMAT = dwarf;
				ENABLE_STRICT_OBJC_MSGSEND = YES;
				ENABLE_TESTABILITY = YES;
				GCC_C_LANGUAGE_STANDARD = gnu11;
				GCC_DYNAMIC_NO_PIC = NO;
				GCC_NO_COMMON_BLOCKS = YES;
				GCC_OPTIMIZATION_LEVEL = 0;
				GCC_PREPROCESSOR_DEFINITIONS = (
					"DEBUG=1",
					"$(inherited)",
				);
				GCC_WARN_64_TO_32_BIT_CONVERSION = YES;
				GCC_WARN_ABOUT_RETURN_TYPE = YES_ERROR;
				GCC_WARN_UNDECLARED_SELECTOR = YES;
				GCC_WARN_UNINITIALIZED_AUTOS = YES_AGGRESSIVE;
				GCC_WARN_UNUSED_FUNCTION = YES;
				GCC_WARN_UNUSED_VARIABLE = YES;
				IPHONEOS_DEPLOYMENT_TARGET = 11.4;
				MTL_ENABLE_DEBUG_INFO = YES;
				ONLY_ACTIVE_ARCH = YES;
				SDKROOT = iphoneos;
				SWIFT_ACTIVE_COMPILATION_CONDITIONS = DEBUG;
				SWIFT_OPTIMIZATION_LEVEL = "-Onone";
			};
			name = Debug;
		};
		6085F838222EEE0A00CFA425 /* Release */ = {
			isa = XCBuildConfiguration;
			buildSettings = {
				ALWAYS_SEARCH_USER_PATHS = NO;
				CLANG_ANALYZER_NONNULL = YES;
				CLANG_ANALYZER_NUMBER_OBJECT_CONVERSION = YES_AGGRESSIVE;
				CLANG_CXX_LANGUAGE_STANDARD = "gnu++14";
				CLANG_CXX_LIBRARY = "libc++";
				CLANG_ENABLE_MODULES = YES;
				CLANG_ENABLE_OBJC_ARC = YES;
				CLANG_ENABLE_OBJC_WEAK = YES;
				CLANG_WARN_BLOCK_CAPTURE_AUTORELEASING = YES;
				CLANG_WARN_BOOL_CONVERSION = YES;
				CLANG_WARN_COMMA = YES;
				CLANG_WARN_CONSTANT_CONVERSION = YES;
				CLANG_WARN_DEPRECATED_OBJC_IMPLEMENTATIONS = YES;
				CLANG_WARN_DIRECT_OBJC_ISA_USAGE = YES_ERROR;
				CLANG_WARN_DOCUMENTATION_COMMENTS = YES;
				CLANG_WARN_EMPTY_BODY = YES;
				CLANG_WARN_ENUM_CONVERSION = YES;
				CLANG_WARN_INFINITE_RECURSION = YES;
				CLANG_WARN_INT_CONVERSION = YES;
				CLANG_WARN_NON_LITERAL_NULL_CONVERSION = YES;
				CLANG_WARN_OBJC_IMPLICIT_RETAIN_SELF = YES;
				CLANG_WARN_OBJC_LITERAL_CONVERSION = YES;
				CLANG_WARN_OBJC_ROOT_CLASS = YES_ERROR;
				CLANG_WARN_RANGE_LOOP_ANALYSIS = YES;
				CLANG_WARN_STRICT_PROTOTYPES = YES;
				CLANG_WARN_SUSPICIOUS_MOVE = YES;
				CLANG_WARN_UNGUARDED_AVAILABILITY = YES_AGGRESSIVE;
				CLANG_WARN_UNREACHABLE_CODE = YES;
				CLANG_WARN__DUPLICATE_METHOD_MATCH = YES;
				CODE_SIGN_IDENTITY = "iPhone Developer";
				COPY_PHASE_STRIP = NO;
				DEBUG_INFORMATION_FORMAT = "dwarf-with-dsym";
				ENABLE_NS_ASSERTIONS = NO;
				ENABLE_STRICT_OBJC_MSGSEND = YES;
				GCC_C_LANGUAGE_STANDARD = gnu11;
				GCC_NO_COMMON_BLOCKS = YES;
				GCC_WARN_64_TO_32_BIT_CONVERSION = YES;
				GCC_WARN_ABOUT_RETURN_TYPE = YES_ERROR;
				GCC_WARN_UNDECLARED_SELECTOR = YES;
				GCC_WARN_UNINITIALIZED_AUTOS = YES_AGGRESSIVE;
				GCC_WARN_UNUSED_FUNCTION = YES;
				GCC_WARN_UNUSED_VARIABLE = YES;
				IPHONEOS_DEPLOYMENT_TARGET = 11.4;
				MTL_ENABLE_DEBUG_INFO = NO;
				SDKROOT = iphoneos;
				SWIFT_COMPILATION_MODE = wholemodule;
				SWIFT_OPTIMIZATION_LEVEL = "-O";
				VALIDATE_PRODUCT = YES;
			};
			name = Release;
		};
		6085F83A222EEE0A00CFA425 /* Debug */ = {
			isa = XCBuildConfiguration;
			buildSettings = {
				ASSETCATALOG_COMPILER_APPICON_NAME = AppIcon;
				CLANG_ENABLE_MODULES = YES;
				CODE_SIGN_STYLE = Automatic;
				INFOPLIST_FILE = Assignment5b/Info.plist;
				LD_RUNPATH_SEARCH_PATHS = (
					"$(inherited)",
					"@executable_path/Frameworks",
				);
				PRODUCT_BUNDLE_IDENTIFIER = Assignment5b.Assignment5b;
				PRODUCT_NAME = "$(TARGET_NAME)";
				SWIFT_OBJC_BRIDGING_HEADER = "Assignment5b/Assignment5b-Bridging-Header.h";
				SWIFT_OPTIMIZATION_LEVEL = "-Onone";
				SWIFT_VERSION = 4.0;
				TARGETED_DEVICE_FAMILY = "1,2";
			};
			name = Debug;
		};
		6085F83B222EEE0A00CFA425 /* Release */ = {
			isa = XCBuildConfiguration;
			buildSettings = {
				ASSETCATALOG_COMPILER_APPICON_NAME = AppIcon;
				CLANG_ENABLE_MODULES = YES;
				CODE_SIGN_STYLE = Automatic;
				INFOPLIST_FILE = Assignment5b/Info.plist;
				LD_RUNPATH_SEARCH_PATHS = (
					"$(inherited)",
					"@executable_path/Frameworks",
				);
				PRODUCT_BUNDLE_IDENTIFIER = Assignment5b.Assignment5b;
				PRODUCT_NAME = "$(TARGET_NAME)";
				SWIFT_OBJC_BRIDGING_HEADER = "Assignment5b/Assignment5b-Bridging-Header.h";
				SWIFT_VERSION = 4.0;
				TARGETED_DEVICE_FAMILY = "1,2";
			};
			name = Release;
		};
/* End XCBuildConfiguration section */

/* Begin XCConfigurationList section */
		6085F822222EEE0900CFA425 /* Build configuration list for PBXProject "Assignment5b" */ = {
			isa = XCConfigurationList;
			buildConfigurations = (
				6085F837222EEE0A00CFA425 /* Debug */,
				6085F838222EEE0A00CFA425 /* Release */,
			);
			defaultConfigurationIsVisible = 0;
			defaultConfigurationName = Release;
		};
		6085F839222EEE0A00CFA425 /* Build configuration list for PBXNativeTarget "Assignment5b" */ = {
			isa = XCConfigurationList;
			buildConfigurations = (
				6085F83A222EEE0A00CFA425 /* Debug */,
				6085F83B222EEE0A00CFA425 /* Release */,
			);
			defaultConfigurationIsVisible = 0;
			defaultConfigurationName = Release;
		};
/* End XCConfigurationList section */
	};
	rootObject = 6085F81F222EEE0900CFA425 /* Project object */;
}
